
Microsoft Visual Studio Solution File, Format Version 12.00
# Visual Studio Version 17
VisualStudioVersion = 17.1.32228.430
MinimumVisualStudioVersion = 10.0.40219.1
Project("{9A19103F-16F7-4668-BE54-9A1E7A4F7556}") = "AutomatonymousTest.ServiceA", "AutomatonymousTest.ServiceA\AutomatonymousTest.ServiceA.csproj", "{DA895DE7-AD66-4E67-A358-E4475A1CA459}"
EndProject
Project("{2150E333-8FDC-42A3-9474-1A3956D46DE8}") = "Solution Items", "Solution Items", "{AA4971FA-E893-4642-9EE5-EE3C7BF85195}"
	ProjectSection(SolutionItems) = preProject
		.editorconfig = .editorconfig
	EndProjectSection
EndProject
Project("{9A19103F-16F7-4668-BE54-9A1E7A4F7556}") = "AutomatonymousTest.Common", "AutomatonymousTest.Common\AutomatonymousTest.Common.csproj", "{67BD1D86-BC55-4938-BFCA-6D00F83E663A}"
EndProject
Project("{E53339B2-1760-4266-BCC7-CA923CBCF16C}") = "docker-compose", "docker-compose.dcproj", "{922330BE-62C8-430C-8D34-DAC4EFE82533}"
EndProject
Project("{9A19103F-16F7-4668-BE54-9A1E7A4F7556}") = "AutomatonymousTest.ServiceB", "AutomatonymousTest.ServiceB\AutomatonymousTest.ServiceB.csproj", "{9B6600C2-7676-41E2-A27D-D70529FE4BBA}"
EndProject
Project("{FAE04EC0-301F-11D3-BF4B-00C04F79EFBC}") = "AutomatonymousTest.ServiceC", "AutomatonymousTest.ServiceC\AutomatonymousTest.ServiceC.csproj", "{388C24D9-1214-405C-8C73-7728C2157A76}"
EndProject
Global
	GlobalSection(SolutionConfigurationPlatforms) = preSolution
		Debug|Any CPU = Debug|Any CPU
		Release|Any CPU = Release|Any CPU
	EndGlobalSection
	GlobalSection(ProjectConfigurationPlatforms) = postSolution
		{DA895DE7-AD66-4E67-A358-E4475A1CA459}.Debug|Any CPU.ActiveCfg = Debug|Any CPU
		{DA895DE7-AD66-4E67-A358-E4475A1CA459}.Debug|Any CPU.Build.0 = Debug|Any CPU
		{DA895DE7-AD66-4E67-A358-E4475A1CA459}.Release|Any CPU.ActiveCfg = Release|Any CPU
		{DA895DE7-AD66-4E67-A358-E4475A1CA459}.Release|Any CPU.Build.0 = Release|Any CPU
		{67BD1D86-BC55-4938-BFCA-6D00F83E663A}.Debug|Any CPU.ActiveCfg = Debug|Any CPU
		{67BD1D86-BC55-4938-BFCA-6D00F83E663A}.Debug|Any CPU.Build.0 = Debug|Any CPU
		{67BD1D86-BC55-4938-BFCA-6D00F83E663A}.Release|Any CPU.ActiveCfg = Release|Any CPU
		{67BD1D86-BC55-4938-BFCA-6D00F83E663A}.Release|Any CPU.Build.0 = Release|Any CPU
		{922330BE-62C8-430C-8D34-DAC4EFE82533}.Debug|Any CPU.ActiveCfg = Debug|Any CPU
		{922330BE-62C8-430C-8D34-DAC4EFE82533}.Debug|Any CPU.Build.0 = Debug|Any CPU
		{922330BE-62C8-430C-8D34-DAC4EFE82533}.Release|Any CPU.ActiveCfg = Release|Any CPU
		{922330BE-62C8-430C-8D34-DAC4EFE82533}.Release|Any CPU.Build.0 = Release|Any CPU
		{9B6600C2-7676-41E2-A27D-D70529FE4BBA}.Debug|Any CPU.ActiveCfg = Debug|Any CPU
		{9B6600C2-7676-41E2-A27D-D70529FE4BBA}.Debug|Any CPU.Build.0 = Debug|Any CPU
		{9B6600C2-7676-41E2-A27D-D70529FE4BBA}.Release|Any CPU.ActiveCfg = Release|Any CPU
		{9B6600C2-7676-41E2-A27D-D70529FE4BBA}.Release|Any CPU.Build.0 = Release|Any CPU
		{388C24D9-1214-405C-8C73-7728C2157A76}.Debug|Any CPU.ActiveCfg = Debug|Any CPU
		{388C24D9-1214-405C-8C73-7728C2157A76}.Debug|Any CPU.Build.0 = Debug|Any CPU
		{388C24D9-1214-405C-8C73-7728C2157A76}.Release|Any CPU.ActiveCfg = Release|Any CPU
		{388C24D9-1214-405C-8C73-7728C2157A76}.Release|Any CPU.Build.0 = Release|Any CPU
	EndGlobalSection
	GlobalSection(SolutionProperties) = preSolution
		HideSolutionNode = FALSE
	EndGlobalSection
	GlobalSection(ExtensibilityGlobals) = postSolution
		SolutionGuid = {8BAD9A6D-20A1-45E8-AE18-ED8005BFD960}
	EndGlobalSection
EndGlobal
